
Microsoft Visual Studio Solution File, Format Version 12.00
# Visual Studio 15
Project("{FAE04EC0-301F-11D3-BF4B-00C04F79EFBC}") = "YoutubeiOSPlayerHelperNuget", "YoutubeiOSPlayerHelperNuget\YoutubeiOSPlayerHelperNuget.csproj", "{A3690C95-470B-4A3F-9081-D053BCAD4C32}"
EndProject
Project("{FAE04EC0-301F-11D3-BF4B-00C04F79EFBC}") = "sample", "sample\sample.csproj", "{2F80E1F4-ECDF-41F4-9D86-5635C3720125}"
EndProject
Global
	GlobalSection(SolutionConfigurationPlatforms) = preSolution
		Debug|Any CPU = Debug|Any CPU
		Release|Any CPU = Release|Any CPU
		Debug|iPhoneSimulator = Debug|iPhoneSimulator
		Release|iPhoneSimulator = Release|iPhoneSimulator
		Debug|iPhone = Debug|iPhone
		Release|iPhone = Release|iPhone
	EndGlobalSection
	GlobalSection(ProjectConfigurationPlatforms) = postSolution
		{A3690C95-470B-4A3F-9081-D053BCAD4C32}.Debug|Any CPU.ActiveCfg = Debug|Any CPU
		{A3690C95-470B-4A3F-9081-D053BCAD4C32}.Debug|Any CPU.Build.0 = Debug|Any CPU
		{A3690C95-470B-4A3F-9081-D053BCAD4C32}.Release|Any CPU.ActiveCfg = Release|Any CPU
		{A3690C95-470B-4A3F-9081-D053BCAD4C32}.Release|Any CPU.Build.0 = Release|Any CPU
		{A3690C95-470B-4A3F-9081-D053BCAD4C32}.Debug|iPhoneSimulator.ActiveCfg = Debug|Any CPU
		{A3690C95-470B-4A3F-9081-D053BCAD4C32}.Debug|iPhoneSimulator.Build.0 = Debug|Any CPU
		{A3690C95-470B-4A3F-9081-D053BCAD4C32}.Release|iPhoneSimulator.ActiveCfg = Release|Any CPU
		{A3690C95-470B-4A3F-9081-D053BCAD4C32}.Release|iPhoneSimulator.Build.0 = Release|Any CPU
		{A3690C95-470B-4A3F-9081-D053BCAD4C32}.Debug|iPhone.ActiveCfg = Debug|Any CPU
		{A3690C95-470B-4A3F-9081-D053BCAD4C32}.Debug|iPhone.Build.0 = Debug|Any CPU
		{A3690C95-470B-4A3F-9081-D053BCAD4C32}.Release|iPhone.ActiveCfg = Release|Any CPU
		{A3690C95-470B-4A3F-9081-D053BCAD4C32}.Release|iPhone.Build.0 = Release|Any CPU
		{2F80E1F4-ECDF-41F4-9D86-5635C3720125}.Debug|Any CPU.ActiveCfg = Debug|iPhoneSimulator
		{2F80E1F4-ECDF-41F4-9D86-5635C3720125}.Debug|Any CPU.Build.0 = Debug|iPhoneSimulator
		{2F80E1F4-ECDF-41F4-9D86-5635C3720125}.Release|Any CPU.ActiveCfg = Release|iPhoneSimulator
		{2F80E1F4-ECDF-41F4-9D86-5635C3720125}.Release|Any CPU.Build.0 = Release|iPhoneSimulator
		{2F80E1F4-ECDF-41F4-9D86-5635C3720125}.Debug|iPhoneSimulator.ActiveCfg = Debug|iPhoneSimulator
		{2F80E1F4-ECDF-41F4-9D86-5635C3720125}.Debug|iPhoneSimulator.Build.0 = Debug|iPhoneSimulator
		{2F80E1F4-ECDF-41F4-9D86-5635C3720125}.Release|iPhoneSimulator.ActiveCfg = Release|iPhoneSimulator
		{2F80E1F4-ECDF-41F4-9D86-5635C3720125}.Release|iPhoneSimulator.Build.0 = Release|iPhoneSimulator
		{2F80E1F4-ECDF-41F4-9D86-5635C3720125}.Debug|iPhone.ActiveCfg = Debug|iPhone
		{2F80E1F4-ECDF-41F4-9D86-5635C3720125}.Debug|iPhone.Build.0 = Debug|iPhone
		{2F80E1F4-ECDF-41F4-9D86-5635C3720125}.Release|iPhone.ActiveCfg = Release|iPhone
		{2F80E1F4-ECDF-41F4-9D86-5635C3720125}.Release|iPhone.Build.0 = Release|iPhone
	EndGlobalSection
EndGlobal
